
Microsoft Visual Studio Solution File, Format Version 12.00
# Visual Studio Version 16
VisualStudioVersion = 16.0.29215.179
MinimumVisualStudioVersion = 10.0.40219.1
Project("{2150E333-8FDC-42A3-9474-1A3956D46DE8}") = "Client", "Client", "{53E44343-2B41-44AB-A769-6A5BBA11F920}"
EndProject
Project("{9A19103F-16F7-4668-BE54-9A1E7A4F7556}") = "Auction.Client.Web", "Auction.Client.Web\Auction.Client.Web.csproj", "{2C907157-A5F0-4CF5-981B-84AEECD77220}"
EndProject
Project("{9A19103F-16F7-4668-BE54-9A1E7A4F7556}") = "Auction.Data", "Auction.Data\Auction.Data.csproj", "{E1579AD3-76F0-4F8C-B5F4-9AFDE5092C5F}"
EndProject
Project("{9A19103F-16F7-4668-BE54-9A1E7A4F7556}") = "Auction.Domain", "Auction.Domain\Auction.Domain.csproj", "{4C866765-5075-48DD-A17D-BF374DA2E9B4}"
EndProject
Project("{9A19103F-16F7-4668-BE54-9A1E7A4F7556}") = "Auction.Services", "Auction.Services\Auction.Services.csproj", "{DB14485D-7A2B-4BF4-B277-95E4C1931DBA}"
EndProject
Project("{9A19103F-16F7-4668-BE54-9A1E7A4F7556}") = "Auction.Jobs.AuctionManager", "Auction.Jobs.AuctionManager\Auction.Jobs.AuctionManager.csproj", "{81C9B3C9-A75E-45CC-A5FF-15EFC727474F}"
EndProject
Project("{2150E333-8FDC-42A3-9474-1A3956D46DE8}") = "Jobs", "Jobs", "{41F00898-9C35-485D-B5D5-67240E36AA3E}"
EndProject
Project("{9A19103F-16F7-4668-BE54-9A1E7A4F7556}") = "Auction.Tests", "Austion.Tests\Auction.Tests.csproj", "{F9CE38C1-76F1-4890-A029-4370148F881B}"
EndProject
Project("{2150E333-8FDC-42A3-9474-1A3956D46DE8}") = "Solution Items", "Solution Items", "{CA6432BA-84B8-4688-86DF-7C98A10B7570}"
	ProjectSection(SolutionItems) = preProject
		.gitignore = .gitignore
	EndProjectSection
EndProject
Project("{FAE04EC0-301F-11D3-BF4B-00C04F79EFBC}") = "Auction.Jobs.AuctionManager.Tests", "Auction.Jobs.AuctionManager.Tets\Auction.Jobs.AuctionManager.Tests.csproj", "{36B9BFF7-70D0-4ADB-AD3A-1BBB6AB24CAE}"
EndProject
Global
	GlobalSection(SolutionConfigurationPlatforms) = preSolution
		Debug|Any CPU = Debug|Any CPU
		Release|Any CPU = Release|Any CPU
	EndGlobalSection
	GlobalSection(ProjectConfigurationPlatforms) = postSolution
		{2C907157-A5F0-4CF5-981B-84AEECD77220}.Debug|Any CPU.ActiveCfg = Debug|Any CPU
		{2C907157-A5F0-4CF5-981B-84AEECD77220}.Debug|Any CPU.Build.0 = Debug|Any CPU
		{2C907157-A5F0-4CF5-981B-84AEECD77220}.Release|Any CPU.ActiveCfg = Release|Any CPU
		{2C907157-A5F0-4CF5-981B-84AEECD77220}.Release|Any CPU.Build.0 = Release|Any CPU
		{E1579AD3-76F0-4F8C-B5F4-9AFDE5092C5F}.Debug|Any CPU.ActiveCfg = Debug|Any CPU
		{E1579AD3-76F0-4F8C-B5F4-9AFDE5092C5F}.Debug|Any CPU.Build.0 = Debug|Any CPU
		{E1579AD3-76F0-4F8C-B5F4-9AFDE5092C5F}.Release|Any CPU.ActiveCfg = Release|Any CPU
		{E1579AD3-76F0-4F8C-B5F4-9AFDE5092C5F}.Release|Any CPU.Build.0 = Release|Any CPU
		{4C866765-5075-48DD-A17D-BF374DA2E9B4}.Debug|Any CPU.ActiveCfg = Debug|Any CPU
		{4C866765-5075-48DD-A17D-BF374DA2E9B4}.Debug|Any CPU.Build.0 = Debug|Any CPU
		{4C866765-5075-48DD-A17D-BF374DA2E9B4}.Release|Any CPU.ActiveCfg = Release|Any CPU
		{4C866765-5075-48DD-A17D-BF374DA2E9B4}.Release|Any CPU.Build.0 = Release|Any CPU
		{DB14485D-7A2B-4BF4-B277-95E4C1931DBA}.Debug|Any CPU.ActiveCfg = Debug|Any CPU
		{DB14485D-7A2B-4BF4-B277-95E4C1931DBA}.Debug|Any CPU.Build.0 = Debug|Any CPU
		{DB14485D-7A2B-4BF4-B277-95E4C1931DBA}.Release|Any CPU.ActiveCfg = Release|Any CPU
		{DB14485D-7A2B-4BF4-B277-95E4C1931DBA}.Release|Any CPU.Build.0 = Release|Any CPU
		{81C9B3C9-A75E-45CC-A5FF-15EFC727474F}.Debug|Any CPU.ActiveCfg = Debug|Any CPU
		{81C9B3C9-A75E-45CC-A5FF-15EFC727474F}.Debug|Any CPU.Build.0 = Debug|Any CPU
		{81C9B3C9-A75E-45CC-A5FF-15EFC727474F}.Release|Any CPU.ActiveCfg = Release|Any CPU
		{81C9B3C9-A75E-45CC-A5FF-15EFC727474F}.Release|Any CPU.Build.0 = Release|Any CPU
		{F9CE38C1-76F1-4890-A029-4370148F881B}.Debug|Any CPU.ActiveCfg = Debug|Any CPU
		{F9CE38C1-76F1-4890-A029-4370148F881B}.Debug|Any CPU.Build.0 = Debug|Any CPU
		{F9CE38C1-76F1-4890-A029-4370148F881B}.Release|Any CPU.ActiveCfg = Release|Any CPU
		{F9CE38C1-76F1-4890-A029-4370148F881B}.Release|Any CPU.Build.0 = Release|Any CPU
		{36B9BFF7-70D0-4ADB-AD3A-1BBB6AB24CAE}.Debug|Any CPU.ActiveCfg = Debug|Any CPU
		{36B9BFF7-70D0-4ADB-AD3A-1BBB6AB24CAE}.Debug|Any CPU.Build.0 = Debug|Any CPU
		{36B9BFF7-70D0-4ADB-AD3A-1BBB6AB24CAE}.Release|Any CPU.ActiveCfg = Release|Any CPU
		{36B9BFF7-70D0-4ADB-AD3A-1BBB6AB24CAE}.Release|Any CPU.Build.0 = Release|Any CPU
	EndGlobalSection
	GlobalSection(SolutionProperties) = preSolution
		HideSolutionNode = FALSE
	EndGlobalSection
	GlobalSection(NestedProjects) = preSolution
		{2C907157-A5F0-4CF5-981B-84AEECD77220} = {53E44343-2B41-44AB-A769-6A5BBA11F920}
		{81C9B3C9-A75E-45CC-A5FF-15EFC727474F} = {41F00898-9C35-485D-B5D5-67240E36AA3E}
		{36B9BFF7-70D0-4ADB-AD3A-1BBB6AB24CAE} = {41F00898-9C35-485D-B5D5-67240E36AA3E}
	EndGlobalSection
	GlobalSection(ExtensibilityGlobals) = postSolution
		SolutionGuid = {A4CA39EA-4B3D-4F40-803E-304A802805E2}
	EndGlobalSection
EndGlobal
